// !$*UTF8*$!
{
	archiveVersion = 1;
	classes = {
	};
	objectVersion = 50;
	objects = {

/* Begin PBXBuildFile section */
		25440C6A2219381400BE98D3 /* AppDelegate.swift in Sources */ = {isa = PBXBuildFile; fileRef = 25440C692219381400BE98D3 /* AppDelegate.swift */; };
		25440C6C2219381400BE98D3 /* ViewController.swift in Sources */ = {isa = PBXBuildFile; fileRef = 25440C6B2219381400BE98D3 /* ViewController.swift */; };
		25440C6F2219381400BE98D3 /* Main.storyboard in Resources */ = {isa = PBXBuildFile; fileRef = 25440C6D2219381400BE98D3 /* Main.storyboard */; };
		25440C712219381600BE98D3 /* Assets.xcassets in Resources */ = {isa = PBXBuildFile; fileRef = 25440C702219381600BE98D3 /* Assets.xcassets */; };
		25440C742219381600BE98D3 /* LaunchScreen.storyboard in Resources */ = {isa = PBXBuildFile; fileRef = 25440C722219381600BE98D3 /* LaunchScreen.storyboard */; };
		25440C7F2219381600BE98D3 /* Tubi_TV_Blake_ChallengeTests.swift in Sources */ = {isa = PBXBuildFile; fileRef = 25440C7E2219381600BE98D3 /* Tubi_TV_Blake_ChallengeTests.swift */; };
		25C0967E22193A9600F30451 /* TenorAPI.swift in Sources */ = {isa = PBXBuildFile; fileRef = 25C0967D22193A9600F30451 /* TenorAPI.swift */; };
		25C0968422193C7A00F30451 /* TenorResource.swift in Sources */ = {isa = PBXBuildFile; fileRef = 25C0968322193C7A00F30451 /* TenorResource.swift */; };
		25C0968622193DE800F30451 /* TenorResponse.swift in Sources */ = {isa = PBXBuildFile; fileRef = 25C0968522193DE800F30451 /* TenorResponse.swift */; };
/* End PBXBuildFile section */

/* Begin PBXContainerItemProxy section */
		25440C7B2219381600BE98D3 /* PBXContainerItemProxy */ = {
			isa = PBXContainerItemProxy;
			containerPortal = 25440C5E2219381400BE98D3 /* Project object */;
			proxyType = 1;
			remoteGlobalIDString = 25440C652219381400BE98D3;
			remoteInfo = "Tubi TV Blake Challenge";
		};
/* End PBXContainerItemProxy section */

/* Begin PBXFileReference section */
		25440C662219381400BE98D3 /* Tubi TV Blake Challenge.app */ = {isa = PBXFileReference; explicitFileType = wrapper.application; includeInIndex = 0; path = "Tubi TV Blake Challenge.app"; sourceTree = BUILT_PRODUCTS_DIR; };
		25440C692219381400BE98D3 /* AppDelegate.swift */ = {isa = PBXFileReference; lastKnownFileType = sourcecode.swift; path = AppDelegate.swift; sourceTree = "<group>"; };
		25440C6B2219381400BE98D3 /* ViewController.swift */ = {isa = PBXFileReference; lastKnownFileType = sourcecode.swift; path = ViewController.swift; sourceTree = "<group>"; };
		25440C6E2219381400BE98D3 /* Base */ = {isa = PBXFileReference; lastKnownFileType = file.storyboard; name = Base; path = Base.lproj/Main.storyboard; sourceTree = "<group>"; };
		25440C702219381600BE98D3 /* Assets.xcassets */ = {isa = PBXFileReference; lastKnownFileType = folder.assetcatalog; path = Assets.xcassets; sourceTree = "<group>"; };
		25440C732219381600BE98D3 /* Base */ = {isa = PBXFileReference; lastKnownFileType = file.storyboard; name = Base; path = Base.lproj/LaunchScreen.storyboard; sourceTree = "<group>"; };
		25440C752219381600BE98D3 /* Info.plist */ = {isa = PBXFileReference; lastKnownFileType = text.plist.xml; path = Info.plist; sourceTree = "<group>"; };
		25440C7A2219381600BE98D3 /* Tubi TV Blake ChallengeTests.xctest */ = {isa = PBXFileReference; explicitFileType = wrapper.cfbundle; includeInIndex = 0; path = "Tubi TV Blake ChallengeTests.xctest"; sourceTree = BUILT_PRODUCTS_DIR; };
		25440C7E2219381600BE98D3 /* Tubi_TV_Blake_ChallengeTests.swift */ = {isa = PBXFileReference; lastKnownFileType = sourcecode.swift; path = Tubi_TV_Blake_ChallengeTests.swift; sourceTree = "<group>"; };
		25440C802219381600BE98D3 /* Info.plist */ = {isa = PBXFileReference; lastKnownFileType = text.plist.xml; path = Info.plist; sourceTree = "<group>"; };
		25C0967D22193A9600F30451 /* TenorAPI.swift */ = {isa = PBXFileReference; lastKnownFileType = sourcecode.swift; path = TenorAPI.swift; sourceTree = "<group>"; };
		25C0968322193C7A00F30451 /* TenorResource.swift */ = {isa = PBXFileReference; lastKnownFileType = sourcecode.swift; path = TenorResource.swift; sourceTree = "<group>"; };
		25C0968522193DE800F30451 /* TenorResponse.swift */ = {isa = PBXFileReference; lastKnownFileType = sourcecode.swift; path = TenorResponse.swift; sourceTree = "<group>"; };
/* End PBXFileReference section */

/* Begin PBXFrameworksBuildPhase section */
		25440C632219381400BE98D3 /* Frameworks */ = {
			isa = PBXFrameworksBuildPhase;
			buildActionMask = 2147483647;
			files = (
			);
			runOnlyForDeploymentPostprocessing = 0;
		};
		25440C772219381600BE98D3 /* Frameworks */ = {
			isa = PBXFrameworksBuildPhase;
			buildActionMask = 2147483647;
			files = (
			);
			runOnlyForDeploymentPostprocessing = 0;
		};
/* End PBXFrameworksBuildPhase section */

/* Begin PBXGroup section */
		25440C5D2219381400BE98D3 = {
			isa = PBXGroup;
			children = (
				25440C682219381400BE98D3 /* Tubi TV Blake Challenge */,
				25440C7D2219381600BE98D3 /* Tubi TV Blake ChallengeTests */,
				25440C672219381400BE98D3 /* Products */,
			);
			sourceTree = "<group>";
		};
		25440C672219381400BE98D3 /* Products */ = {
			isa = PBXGroup;
			children = (
				25440C662219381400BE98D3 /* Tubi TV Blake Challenge.app */,
				25440C7A2219381600BE98D3 /* Tubi TV Blake ChallengeTests.xctest */,
			);
			name = Products;
			sourceTree = "<group>";
		};
		25440C682219381400BE98D3 /* Tubi TV Blake Challenge */ = {
			isa = PBXGroup;
			children = (
				25C0967B2219390700F30451 /* Models */,
				25C0967A221938F800F30451 /* Views */,
				25C09679221938EE00F30451 /* Controllers */,
				25C0967C2219391F00F30451 /* Etc */,
			);
			path = "Tubi TV Blake Challenge";
			sourceTree = "<group>";
		};
		25440C7D2219381600BE98D3 /* Tubi TV Blake ChallengeTests */ = {
			isa = PBXGroup;
			children = (
				25440C7E2219381600BE98D3 /* Tubi_TV_Blake_ChallengeTests.swift */,
				25440C802219381600BE98D3 /* Info.plist */,
			);
			path = "Tubi TV Blake ChallengeTests";
			sourceTree = "<group>";
		};
		25C09679221938EE00F30451 /* Controllers */ = {
			isa = PBXGroup;
			children = (
				25440C692219381400BE98D3 /* AppDelegate.swift */,
				25440C6B2219381400BE98D3 /* ViewController.swift */,
				25C0967D22193A9600F30451 /* TenorAPI.swift */,
			);
			path = Controllers;
			sourceTree = "<group>";
		};
		25C0967A221938F800F30451 /* Views */ = {
			isa = PBXGroup;
			children = (
				25440C6D2219381400BE98D3 /* Main.storyboard */,
				25440C702219381600BE98D3 /* Assets.xcassets */,
				25440C722219381600BE98D3 /* LaunchScreen.storyboard */,
			);
			path = Views;
			sourceTree = "<group>";
		};
		25C0967B2219390700F30451 /* Models */ = {
			isa = PBXGroup;
			children = (
				25C0968322193C7A00F30451 /* TenorResource.swift */,
				25C0968522193DE800F30451 /* TenorResponse.swift */,
			);
			path = Models;
			sourceTree = "<group>";
		};
		25C0967C2219391F00F30451 /* Etc */ = {
			isa = PBXGroup;
			children = (
				25440C752219381600BE98D3 /* Info.plist */,
			);
			path = Etc;
			sourceTree = "<group>";
		};
/* End PBXGroup section */

/* Begin PBXNativeTarget section */
		25440C652219381400BE98D3 /* Tubi TV Blake Challenge */ = {
			isa = PBXNativeTarget;
			buildConfigurationList = 25440C832219381600BE98D3 /* Build configuration list for PBXNativeTarget "Tubi TV Blake Challenge" */;
			buildPhases = (
				25440C622219381400BE98D3 /* Sources */,
				25440C632219381400BE98D3 /* Frameworks */,
				25440C642219381400BE98D3 /* Resources */,
			);
			buildRules = (
			);
			dependencies = (
			);
			name = "Tubi TV Blake Challenge";
			productName = "Tubi TV Blake Challenge";
			productReference = 25440C662219381400BE98D3 /* Tubi TV Blake Challenge.app */;
			productType = "com.apple.product-type.application";
		};
		25440C792219381600BE98D3 /* Tubi TV Blake ChallengeTests */ = {
			isa = PBXNativeTarget;
			buildConfigurationList = 25440C862219381600BE98D3 /* Build configuration list for PBXNativeTarget "Tubi TV Blake ChallengeTests" */;
			buildPhases = (
				25440C762219381600BE98D3 /* Sources */,
				25440C772219381600BE98D3 /* Frameworks */,
				25440C782219381600BE98D3 /* Resources */,
			);
			buildRules = (
			);
			dependencies = (
				25440C7C2219381600BE98D3 /* PBXTargetDependency */,
			);
			name = "Tubi TV Blake ChallengeTests";
			productName = "Tubi TV Blake ChallengeTests";
			productReference = 25440C7A2219381600BE98D3 /* Tubi TV Blake ChallengeTests.xctest */;
			productType = "com.apple.product-type.bundle.unit-test";
		};
/* End PBXNativeTarget section */

/* Begin PBXProject section */
		25440C5E2219381400BE98D3 /* Project object */ = {
			isa = PBXProject;
			attributes = {
				LastSwiftUpdateCheck = 1010;
				LastUpgradeCheck = 1010;
				ORGANIZATIONNAME = "Blake Barrett";
				TargetAttributes = {
					25440C652219381400BE98D3 = {
						CreatedOnToolsVersion = 10.1;
					};
					25440C792219381600BE98D3 = {
						CreatedOnToolsVersion = 10.1;
						TestTargetID = 25440C652219381400BE98D3;
					};
				};
			};
			buildConfigurationList = 25440C612219381400BE98D3 /* Build configuration list for PBXProject "Tubi TV Blake Challenge" */;
			compatibilityVersion = "Xcode 9.3";
			developmentRegion = en;
			hasScannedForEncodings = 0;
			knownRegions = (
				en,
				Base,
			);
			mainGroup = 25440C5D2219381400BE98D3;
			productRefGroup = 25440C672219381400BE98D3 /* Products */;
			projectDirPath = "";
			projectRoot = "";
			targets = (
				25440C652219381400BE98D3 /* Tubi TV Blake Challenge */,
				25440C792219381600BE98D3 /* Tubi TV Blake ChallengeTests */,
			);
		};
/* End PBXProject section */

/* Begin PBXResourcesBuildPhase section */
		25440C642219381400BE98D3 /* Resources */ = {
			isa = PBXResourcesBuildPhase;
			buildActionMask = 2147483647;
			files = (
				25440C742219381600BE98D3 /* LaunchScreen.storyboard in Resources */,
				25440C712219381600BE98D3 /* Assets.xcassets in Resources */,
				25440C6F2219381400BE98D3 /* Main.storyboard in Resources */,
			);
			runOnlyForDeploymentPostprocessing = 0;
		};
		25440C782219381600BE98D3 /* Resources */ = {
			isa = PBXResourcesBuildPhase;
			buildActionMask = 2147483647;
			files = (
			);
			runOnlyForDeploymentPostprocessing = 0;
		};
/* End PBXResourcesBuildPhase section */

/* Begin PBXSourcesBuildPhase section */
		25440C622219381400BE98D3 /* Sources */ = {
			isa = PBXSourcesBuildPhase;
			buildActionMask = 2147483647;
			files = (
				25C0968622193DE800F30451 /* TenorResponse.swift in Sources */,
				25440C6C2219381400BE98D3 /* ViewController.swift in Sources */,
				25440C6A2219381400BE98D3 /* AppDelegate.swift in Sources */,
				25C0968422193C7A00F30451 /* TenorResource.swift in Sources */,
				25C0967E22193A9600F30451 /* TenorAPI.swift in Sources */,
			);
			runOnlyForDeploymentPostprocessing = 0;
		};
		25440C762219381600BE98D3 /* Sources */ = {
			isa = PBXSourcesBuildPhase;
			buildActionMask = 2147483647;
			files = (
				25440C7F2219381600BE98D3 /* Tubi_TV_Blake_ChallengeTests.swift in Sources */,
			);
			runOnlyForDeploymentPostprocessing = 0;
		};
/* End PBXSourcesBuildPhase section */

/* Begin PBXTargetDependency section */
		25440C7C2219381600BE98D3 /* PBXTargetDependency */ = {
			isa = PBXTargetDependency;
			target = 25440C652219381400BE98D3 /* Tubi TV Blake Challenge */;
			targetProxy = 25440C7B2219381600BE98D3 /* PBXContainerItemProxy */;
		};
/* End PBXTargetDependency section */

/* Begin PBXVariantGroup section */
		25440C6D2219381400BE98D3 /* Main.storyboard */ = {
			isa = PBXVariantGroup;
			children = (
				25440C6E2219381400BE98D3 /* Base */,
			);
			name = Main.storyboard;
			sourceTree = "<group>";
		};
		25440C722219381600BE98D3 /* LaunchScreen.storyboard */ = {
			isa = PBXVariantGroup;
			children = (
				25440C732219381600BE98D3 /* Base */,
			);
			name = LaunchScreen.storyboard;
			sourceTree = "<group>";
		};
/* End PBXVariantGroup section */

/* Begin XCBuildConfiguration section */
		25440C812219381600BE98D3 /* Debug */ = {
			isa = XCBuildConfiguration;
			buildSettings = {
				ALWAYS_SEARCH_USER_PATHS = NO;
				CLANG_ANALYZER_NONNULL = YES;
				CLANG_ANALYZER_NUMBER_OBJECT_CONVERSION = YES_AGGRESSIVE;
				CLANG_CXX_LANGUAGE_STANDARD = "gnu++14";
				CLANG_CXX_LIBRARY = "libc++";
				CLANG_ENABLE_MODULES = YES;
				CLANG_ENABLE_OBJC_ARC = YES;
				CLANG_ENABLE_OBJC_WEAK = YES;
				CLANG_WARN_BLOCK_CAPTURE_AUTORELEASING = YES;
				CLANG_WARN_BOOL_CONVERSION = YES;
				CLANG_WARN_COMMA = YES;
				CLANG_WARN_CONSTANT_CONVERSION = YES;
				CLANG_WARN_DEPRECATED_OBJC_IMPLEMENTATIONS = YES;
				CLANG_WARN_DIRECT_OBJC_ISA_USAGE = YES_ERROR;
				CLANG_WARN_DOCUMENTATION_COMMENTS = YES;
				CLANG_WARN_EMPTY_BODY = YES;
				CLANG_WARN_ENUM_CONVERSION = YES;
				CLANG_WARN_INFINITE_RECURSION = YES;
				CLANG_WARN_INT_CONVERSION = YES;
				CLANG_WARN_NON_LITERAL_NULL_CONVERSION = YES;
				CLANG_WARN_OBJC_IMPLICIT_RETAIN_SELF = YES;
				CLANG_WARN_OBJC_LITERAL_CONVERSION = YES;
				CLANG_WARN_OBJC_ROOT_CLASS = YES_ERROR;
				CLANG_WARN_RANGE_LOOP_ANALYSIS = YES;
				CLANG_WARN_STRICT_PROTOTYPES = YES;
				CLANG_WARN_SUSPICIOUS_MOVE = YES;
				CLANG_WARN_UNGUARDED_AVAILABILITY = YES_AGGRESSIVE;
				CLANG_WARN_UNREACHABLE_CODE = YES;
				CLANG_WARN__DUPLICATE_METHOD_MATCH = YES;
				CODE_SIGN_IDENTITY = "iPhone Developer";
				COPY_PHASE_STRIP = NO;
				DEBUG_INFORMATION_FORMAT = dwarf;
				ENABLE_STRICT_OBJC_MSGSEND = YES;
				ENABLE_TESTABILITY = YES;
				GCC_C_LANGUAGE_STANDARD = gnu11;
				GCC_DYNAMIC_NO_PIC = NO;
				GCC_NO_COMMON_BLOCKS = YES;
				GCC_OPTIMIZATION_LEVEL = 0;
				GCC_PREPROCESSOR_DEFINITIONS = (
					"DEBUG=1",
					"$(inherited)",
				);
				GCC_WARN_64_TO_32_BIT_CONVERSION = YES;
				GCC_WARN_ABOUT_RETURN_TYPE = YES_ERROR;
				GCC_WARN_UNDECLARED_SELECTOR = YES;
				GCC_WARN_UNINITIALIZED_AUTOS = YES_AGGRESSIVE;
				GCC_WARN_UNUSED_FUNCTION = YES;
				GCC_WARN_UNUSED_VARIABLE = YES;
				IPHONEOS_DEPLOYMENT_TARGET = 12.1;
				MTL_ENABLE_DEBUG_INFO = INCLUDE_SOURCE;
				MTL_FAST_MATH = YES;
				ONLY_ACTIVE_ARCH = YES;
				SDKROOT = iphoneos;
				SWIFT_ACTIVE_COMPILATION_CONDITIONS = DEBUG;
				SWIFT_OPTIMIZATION_LEVEL = "-Onone";
			};
			name = Debug;
		};
		25440C822219381600BE98D3 /* Release */ = {
			isa = XCBuildConfiguration;
			buildSettings = {
				ALWAYS_SEARCH_USER_PATHS = NO;
				CLANG_ANALYZER_NONNULL = YES;
				CLANG_ANALYZER_NUMBER_OBJECT_CONVERSION = YES_AGGRESSIVE;
				CLANG_CXX_LANGUAGE_STANDARD = "gnu++14";
				CLANG_CXX_LIBRARY = "libc++";
				CLANG_ENABLE_MODULES = YES;
				CLANG_ENABLE_OBJC_ARC = YES;
				CLANG_ENABLE_OBJC_WEAK = YES;
				CLANG_WARN_BLOCK_CAPTURE_AUTORELEASING = YES;
				CLANG_WARN_BOOL_CONVERSION = YES;
				CLANG_WARN_COMMA = YES;
				CLANG_WARN_CONSTANT_CONVERSION = YES;
				CLANG_WARN_DEPRECATED_OBJC_IMPLEMENTATIONS = YES;
				CLANG_WARN_DIRECT_OBJC_ISA_USAGE = YES_ERROR;
				CLANG_WARN_DOCUMENTATION_COMMENTS = YES;
				CLANG_WARN_EMPTY_BODY = YES;
				CLANG_WARN_ENUM_CONVERSION = YES;
				CLANG_WARN_INFINITE_RECURSION = YES;
				CLANG_WARN_INT_CONVERSION = YES;
				CLANG_WARN_NON_LITERAL_NULL_CONVERSION = YES;
				CLANG_WARN_OBJC_IMPLICIT_RETAIN_SELF = YES;
				CLANG_WARN_OBJC_LITERAL_CONVERSION = YES;
				CLANG_WARN_OBJC_ROOT_CLASS = YES_ERROR;
				CLANG_WARN_RANGE_LOOP_ANALYSIS = YES;
				CLANG_WARN_STRICT_PROTOTYPES = YES;
				CLANG_WARN_SUSPICIOUS_MOVE = YES;
				CLANG_WARN_UNGUARDED_AVAILABILITY = YES_AGGRESSIVE;
				CLANG_WARN_UNREACHABLE_CODE = YES;
				CLANG_WARN__DUPLICATE_METHOD_MATCH = YES;
				CODE_SIGN_IDENTITY = "iPhone Developer";
				COPY_PHASE_STRIP = NO;
				DEBUG_INFORMATION_FORMAT = "dwarf-with-dsym";
				ENABLE_NS_ASSERTIONS = NO;
				ENABLE_STRICT_OBJC_MSGSEND = YES;
				GCC_C_LANGUAGE_STANDARD = gnu11;
				GCC_NO_COMMON_BLOCKS = YES;
				GCC_WARN_64_TO_32_BIT_CONVERSION = YES;
				GCC_WARN_ABOUT_RETURN_TYPE = YES_ERROR;
				GCC_WARN_UNDECLARED_SELECTOR = YES;
				GCC_WARN_UNINITIALIZED_AUTOS = YES_AGGRESSIVE;
				GCC_WARN_UNUSED_FUNCTION = YES;
				GCC_WARN_UNUSED_VARIABLE = YES;
				IPHONEOS_DEPLOYMENT_TARGET = 12.1;
				MTL_ENABLE_DEBUG_INFO = NO;
				MTL_FAST_MATH = YES;
				SDKROOT = iphoneos;
				SWIFT_COMPILATION_MODE = wholemodule;
				SWIFT_OPTIMIZATION_LEVEL = "-O";
				VALIDATE_PRODUCT = YES;
			};
			name = Release;
		};
		25440C842219381600BE98D3 /* Debug */ = {
			isa = XCBuildConfiguration;
			buildSettings = {
				ASSETCATALOG_COMPILER_APPICON_NAME = AppIcon;
				CODE_SIGN_STYLE = Automatic;
				DEVELOPMENT_TEAM = JJNWD2J7X4;
				INFOPLIST_FILE = "$(SRCROOT)/Tubi TV Blake Challenge/Etc/Info.plist";
				LD_RUNPATH_SEARCH_PATHS = (
					"$(inherited)",
					"@executable_path/Frameworks",
				);
				PRODUCT_BUNDLE_IDENTIFIER = "com.blakebarrett.Tubi-TV-Blake-Challenge";
				PRODUCT_NAME = "$(TARGET_NAME)";
				SWIFT_VERSION = 4.2;
				TARGETED_DEVICE_FAMILY = "1,2";
			};
			name = Debug;
		};
		25440C852219381600BE98D3 /* Release */ = {
			isa = XCBuildConfiguration;
			buildSettings = {
				ASSETCATALOG_COMPILER_APPICON_NAME = AppIcon;
				CODE_SIGN_STYLE = Automatic;
				DEVELOPMENT_TEAM = JJNWD2J7X4;
				INFOPLIST_FILE = "$(SRCROOT)/Tubi TV Blake Challenge/Etc/Info.plist";
				LD_RUNPATH_SEARCH_PATHS = (
					"$(inherited)",
					"@executable_path/Frameworks",
				);
				PRODUCT_BUNDLE_IDENTIFIER = "com.blakebarrett.Tubi-TV-Blake-Challenge";
				PRODUCT_NAME = "$(TARGET_NAME)";
				SWIFT_VERSION = 4.2;
				TARGETED_DEVICE_FAMILY = "1,2";
			};
			name = Release;
		};
		25440C872219381600BE98D3 /* Debug */ = {
			isa = XCBuildConfiguration;
			buildSettings = {
				ALWAYS_EMBED_SWIFT_STANDARD_LIBRARIES = YES;
				BUNDLE_LOADER = "$(TEST_HOST)";
				CODE_SIGN_STYLE = Automatic;
				DEVELOPMENT_TEAM = JJNWD2J7X4;
				INFOPLIST_FILE = "Tubi TV Blake ChallengeTests/Info.plist";
				LD_RUNPATH_SEARCH_PATHS = (
					"$(inherited)",
					"@executable_path/Frameworks",
					"@loader_path/Frameworks",
				);
				PRODUCT_BUNDLE_IDENTIFIER = "com.blakebarrett.Tubi-TV-Blake-ChallengeTests";
				PRODUCT_NAME = "$(TARGET_NAME)";
				SWIFT_VERSION = 4.2;
				TARGETED_DEVICE_FAMILY = "1,2";
				TEST_HOST = "$(BUILT_PRODUCTS_DIR)/Tubi TV Blake Challenge.app/Tubi TV Blake Challenge";
			};
			name = Debug;
		};
		25440C882219381600BE98D3 /* Release */ = {
			isa = XCBuildConfiguration;
			buildSettings = {
				ALWAYS_EMBED_SWIFT_STANDARD_LIBRARIES = YES;
				BUNDLE_LOADER = "$(TEST_HOST)";
				CODE_SIGN_STYLE = Automatic;
				DEVELOPMENT_TEAM = JJNWD2J7X4;
				INFOPLIST_FILE = "Tubi TV Blake ChallengeTests/Info.plist";
				LD_RUNPATH_SEARCH_PATHS = (
					"$(inherited)",
					"@executable_path/Frameworks",
					"@loader_path/Frameworks",
				);
				PRODUCT_BUNDLE_IDENTIFIER = "com.blakebarrett.Tubi-TV-Blake-ChallengeTests";
				PRODUCT_NAME = "$(TARGET_NAME)";
				SWIFT_VERSION = 4.2;
				TARGETED_DEVICE_FAMILY = "1,2";
				TEST_HOST = "$(BUILT_PRODUCTS_DIR)/Tubi TV Blake Challenge.app/Tubi TV Blake Challenge";
			};
			name = Release;
		};
/* End XCBuildConfiguration section */

/* Begin XCConfigurationList section */
		25440C612219381400BE98D3 /* Build configuration list for PBXProject "Tubi TV Blake Challenge" */ = {
			isa = XCConfigurationList;
			buildConfigurations = (
				25440C812219381600BE98D3 /* Debug */,
				25440C822219381600BE98D3 /* Release */,
			);
			defaultConfigurationIsVisible = 0;
			defaultConfigurationName = Release;
		};
		25440C832219381600BE98D3 /* Build configuration list for PBXNativeTarget "Tubi TV Blake Challenge" */ = {
			isa = XCConfigurationList;
			buildConfigurations = (
				25440C842219381600BE98D3 /* Debug */,
				25440C852219381600BE98D3 /* Release */,
			);
			defaultConfigurationIsVisible = 0;
			defaultConfigurationName = Release;
		};
		25440C862219381600BE98D3 /* Build configuration list for PBXNativeTarget "Tubi TV Blake ChallengeTests" */ = {
			isa = XCConfigurationList;
			buildConfigurations = (
				25440C872219381600BE98D3 /* Debug */,
				25440C882219381600BE98D3 /* Release */,
			);
			defaultConfigurationIsVisible = 0;
			defaultConfigurationName = Release;
		};
/* End XCConfigurationList section */
	};
	rootObject = 25440C5E2219381400BE98D3 /* Project object */;
}
